
Microsoft Visual Studio Solution File, Format Version 12.00
# Visual Studio 14
VisualStudioVersion = 14.0.25420.1
MinimumVisualStudioVersion = 10.0.40219.1
Project("{FAE04EC0-301F-11D3-BF4B-00C04F79EFBC}") = "MediArch.Core", "MediArch.Core\MediArch.Core.csproj", "{59A69ACE-7B5B-473B-9DFE-05EC435E7740}"
EndProject
Project("{2150E333-8FDC-42A3-9474-1A3956D46DE8}") = "03-Core", "03-Core", "{E7B924B9-8E3D-48F7-A004-D01E93E3D94D}"
EndProject
Project("{2150E333-8FDC-42A3-9474-1A3956D46DE8}") = "01-Utils", "01-Utils", "{79C7A275-98BF-494B-906A-00DBD49751AE}"
EndProject
Project("{2150E333-8FDC-42A3-9474-1A3956D46DE8}") = "02-Common", "02-Common", "{2B505DFD-6AFA-4C7D-95D2-C3C94F511838}"
EndProject
Project("{FAE04EC0-301F-11D3-BF4B-00C04F79EFBC}") = "Mediware.Util.Validation", "Mediware.Util.Validation\Mediware.Util.Validation.csproj", "{47730682-C041-4F3E-9BAC-0B0F46180B5D}"
EndProject
Project("{FAE04EC0-301F-11D3-BF4B-00C04F79EFBC}") = "Mediware.Util.Validation.Tests", "Mediware.Util.Validation.Tests\Mediware.Util.Validation.Tests.csproj", "{ABC42A23-E2D5-464A-AEC7-6B92DEE28BEA}"
EndProject
Project("{FAE04EC0-301F-11D3-BF4B-00C04F79EFBC}") = "Mediware.Utils", "Mediware.Utils\Mediware.Utils.csproj", "{01280CD7-CF1C-48B4-937A-9B1DD03C50BF}"
EndProject
Project("{FAE04EC0-301F-11D3-BF4B-00C04F79EFBC}") = "Mediware.Utils.Tests", "Mediware.Utils.Tests\Mediware.Utils.Tests.csproj", "{269CB0DC-109F-4F72-9814-29D6B621E1A5}"
EndProject
Project("{8BB2217D-0F2D-49D1-97BC-3654ED321F3B}") = "MediArch.Common", "MediArch.Common\MediArch.Common.xproj", "{07162208-79FA-432D-8CCF-1516B631FB2B}"
EndProject
Project("{2150E333-8FDC-42A3-9474-1A3956D46DE8}") = "04-Infrastructure", "04-Infrastructure", "{680583EC-962E-4054-BEFA-166734C2684E}"
EndProject
Project("{2150E333-8FDC-42A3-9474-1A3956D46DE8}") = "05-WebAPI", "05-WebAPI", "{24AAE1F2-33F9-4423-B1CD-5A9E7AF8A176}"
EndProject
Project("{2150E333-8FDC-42A3-9474-1A3956D46DE8}") = "06-Authorization", "06-Authorization", "{A1EF71E2-0AB6-4223-B9FF-CE55DC1A3644}"
EndProject
Project("{2150E333-8FDC-42A3-9474-1A3956D46DE8}") = "07-Jobs", "07-Jobs", "{C49E4B76-E425-472E-B15E-E97EDB0EB1E4}"
EndProject
Project("{2150E333-8FDC-42A3-9474-1A3956D46DE8}") = "08-Documentation", "08-Documentation", "{5DB55578-65EB-4B88-BE9B-502E10568672}"
	ProjectSection(SolutionItems) = preProject
		README.md = README.md
	EndProjectSection
EndProject
Project("{FAE04EC0-301F-11D3-BF4B-00C04F79EFBC}") = "Mediarch.Infrastructure", "Mediarch.Infrastructure\Mediarch.Infrastructure.csproj", "{EA4EF097-245D-4CB3-BF54-41106582D3BD}"
EndProject
Project("{8BB2217D-0F2D-49D1-97BC-3654ED321F3B}") = "Mediarch.Aro", "Mediarch.Aro\Mediarch.Aro.xproj", "{2FC01614-466A-4D1F-B061-7A51C84CE283}"
EndProject
Project("{8BB2217D-0F2D-49D1-97BC-3654ED321F3B}") = "Mediarch.Aro.SelfHosted", "Mediarch.Aro.SelfHosted\Mediarch.Aro.SelfHosted.xproj", "{4B9C2B92-3F70-4AB9-A0CF-55DD647F2807}"
EndProject
Global
	GlobalSection(SolutionConfigurationPlatforms) = preSolution
		Debug|Any CPU = Debug|Any CPU
		Debug|ARM = Debug|ARM
		Debug|x64 = Debug|x64
		Debug|x86 = Debug|x86
		Release|Any CPU = Release|Any CPU
		Release|ARM = Release|ARM
		Release|x64 = Release|x64
		Release|x86 = Release|x86
	EndGlobalSection
	GlobalSection(ProjectConfigurationPlatforms) = postSolution
		{59A69ACE-7B5B-473B-9DFE-05EC435E7740}.Debug|Any CPU.ActiveCfg = Debug|Any CPU
		{59A69ACE-7B5B-473B-9DFE-05EC435E7740}.Debug|Any CPU.Build.0 = Debug|Any CPU
		{59A69ACE-7B5B-473B-9DFE-05EC435E7740}.Debug|ARM.ActiveCfg = Debug|Any CPU
		{59A69ACE-7B5B-473B-9DFE-05EC435E7740}.Debug|ARM.Build.0 = Debug|Any CPU
		{59A69ACE-7B5B-473B-9DFE-05EC435E7740}.Debug|x64.ActiveCfg = Debug|Any CPU
		{59A69ACE-7B5B-473B-9DFE-05EC435E7740}.Debug|x64.Build.0 = Debug|Any CPU
		{59A69ACE-7B5B-473B-9DFE-05EC435E7740}.Debug|x86.ActiveCfg = Debug|Any CPU
		{59A69ACE-7B5B-473B-9DFE-05EC435E7740}.Debug|x86.Build.0 = Debug|Any CPU
		{59A69ACE-7B5B-473B-9DFE-05EC435E7740}.Release|Any CPU.ActiveCfg = Release|Any CPU
		{59A69ACE-7B5B-473B-9DFE-05EC435E7740}.Release|Any CPU.Build.0 = Release|Any CPU
		{59A69ACE-7B5B-473B-9DFE-05EC435E7740}.Release|ARM.ActiveCfg = Release|Any CPU
		{59A69ACE-7B5B-473B-9DFE-05EC435E7740}.Release|ARM.Build.0 = Release|Any CPU
		{59A69ACE-7B5B-473B-9DFE-05EC435E7740}.Release|x64.ActiveCfg = Release|Any CPU
		{59A69ACE-7B5B-473B-9DFE-05EC435E7740}.Release|x64.Build.0 = Release|Any CPU
		{59A69ACE-7B5B-473B-9DFE-05EC435E7740}.Release|x86.ActiveCfg = Release|Any CPU
		{59A69ACE-7B5B-473B-9DFE-05EC435E7740}.Release|x86.Build.0 = Release|Any CPU
		{47730682-C041-4F3E-9BAC-0B0F46180B5D}.Debug|Any CPU.ActiveCfg = Debug|Any CPU
		{47730682-C041-4F3E-9BAC-0B0F46180B5D}.Debug|Any CPU.Build.0 = Debug|Any CPU
		{47730682-C041-4F3E-9BAC-0B0F46180B5D}.Debug|ARM.ActiveCfg = Debug|Any CPU
		{47730682-C041-4F3E-9BAC-0B0F46180B5D}.Debug|ARM.Build.0 = Debug|Any CPU
		{47730682-C041-4F3E-9BAC-0B0F46180B5D}.Debug|x64.ActiveCfg = Debug|Any CPU
		{47730682-C041-4F3E-9BAC-0B0F46180B5D}.Debug|x64.Build.0 = Debug|Any CPU
		{47730682-C041-4F3E-9BAC-0B0F46180B5D}.Debug|x86.ActiveCfg = Debug|Any CPU
		{47730682-C041-4F3E-9BAC-0B0F46180B5D}.Debug|x86.Build.0 = Debug|Any CPU
		{47730682-C041-4F3E-9BAC-0B0F46180B5D}.Release|Any CPU.ActiveCfg = Release|Any CPU
		{47730682-C041-4F3E-9BAC-0B0F46180B5D}.Release|Any CPU.Build.0 = Release|Any CPU
		{47730682-C041-4F3E-9BAC-0B0F46180B5D}.Release|ARM.ActiveCfg = Release|Any CPU
		{47730682-C041-4F3E-9BAC-0B0F46180B5D}.Release|ARM.Build.0 = Release|Any CPU
		{47730682-C041-4F3E-9BAC-0B0F46180B5D}.Release|x64.ActiveCfg = Release|Any CPU
		{47730682-C041-4F3E-9BAC-0B0F46180B5D}.Release|x64.Build.0 = Release|Any CPU
		{47730682-C041-4F3E-9BAC-0B0F46180B5D}.Release|x86.ActiveCfg = Release|Any CPU
		{47730682-C041-4F3E-9BAC-0B0F46180B5D}.Release|x86.Build.0 = Release|Any CPU
		{ABC42A23-E2D5-464A-AEC7-6B92DEE28BEA}.Debug|Any CPU.ActiveCfg = Debug|Any CPU
		{ABC42A23-E2D5-464A-AEC7-6B92DEE28BEA}.Debug|Any CPU.Build.0 = Debug|Any CPU
		{ABC42A23-E2D5-464A-AEC7-6B92DEE28BEA}.Debug|ARM.ActiveCfg = Debug|Any CPU
		{ABC42A23-E2D5-464A-AEC7-6B92DEE28BEA}.Debug|ARM.Build.0 = Debug|Any CPU
		{ABC42A23-E2D5-464A-AEC7-6B92DEE28BEA}.Debug|x64.ActiveCfg = Debug|Any CPU
		{ABC42A23-E2D5-464A-AEC7-6B92DEE28BEA}.Debug|x64.Build.0 = Debug|Any CPU
		{ABC42A23-E2D5-464A-AEC7-6B92DEE28BEA}.Debug|x86.ActiveCfg = Debug|Any CPU
		{ABC42A23-E2D5-464A-AEC7-6B92DEE28BEA}.Debug|x86.Build.0 = Debug|Any CPU
		{ABC42A23-E2D5-464A-AEC7-6B92DEE28BEA}.Release|Any CPU.ActiveCfg = Release|Any CPU
		{ABC42A23-E2D5-464A-AEC7-6B92DEE28BEA}.Release|Any CPU.Build.0 = Release|Any CPU
		{ABC42A23-E2D5-464A-AEC7-6B92DEE28BEA}.Release|ARM.ActiveCfg = Release|Any CPU
		{ABC42A23-E2D5-464A-AEC7-6B92DEE28BEA}.Release|ARM.Build.0 = Release|Any CPU
		{ABC42A23-E2D5-464A-AEC7-6B92DEE28BEA}.Release|x64.ActiveCfg = Release|Any CPU
		{ABC42A23-E2D5-464A-AEC7-6B92DEE28BEA}.Release|x64.Build.0 = Release|Any CPU
		{ABC42A23-E2D5-464A-AEC7-6B92DEE28BEA}.Release|x86.ActiveCfg = Release|Any CPU
		{ABC42A23-E2D5-464A-AEC7-6B92DEE28BEA}.Release|x86.Build.0 = Release|Any CPU
		{01280CD7-CF1C-48B4-937A-9B1DD03C50BF}.Debug|Any CPU.ActiveCfg = Debug|Any CPU
		{01280CD7-CF1C-48B4-937A-9B1DD03C50BF}.Debug|Any CPU.Build.0 = Debug|Any CPU
		{01280CD7-CF1C-48B4-937A-9B1DD03C50BF}.Debug|ARM.ActiveCfg = Debug|Any CPU
		{01280CD7-CF1C-48B4-937A-9B1DD03C50BF}.Debug|ARM.Build.0 = Debug|Any CPU
		{01280CD7-CF1C-48B4-937A-9B1DD03C50BF}.Debug|x64.ActiveCfg = Debug|Any CPU
		{01280CD7-CF1C-48B4-937A-9B1DD03C50BF}.Debug|x64.Build.0 = Debug|Any CPU
		{01280CD7-CF1C-48B4-937A-9B1DD03C50BF}.Debug|x86.ActiveCfg = Debug|Any CPU
		{01280CD7-CF1C-48B4-937A-9B1DD03C50BF}.Debug|x86.Build.0 = Debug|Any CPU
		{01280CD7-CF1C-48B4-937A-9B1DD03C50BF}.Release|Any CPU.ActiveCfg = Release|Any CPU
		{01280CD7-CF1C-48B4-937A-9B1DD03C50BF}.Release|Any CPU.Build.0 = Release|Any CPU
		{01280CD7-CF1C-48B4-937A-9B1DD03C50BF}.Release|ARM.ActiveCfg = Release|Any CPU
		{01280CD7-CF1C-48B4-937A-9B1DD03C50BF}.Release|ARM.Build.0 = Release|Any CPU
		{01280CD7-CF1C-48B4-937A-9B1DD03C50BF}.Release|x64.ActiveCfg = Release|Any CPU
		{01280CD7-CF1C-48B4-937A-9B1DD03C50BF}.Release|x64.Build.0 = Release|Any CPU
		{01280CD7-CF1C-48B4-937A-9B1DD03C50BF}.Release|x86.ActiveCfg = Release|Any CPU
		{01280CD7-CF1C-48B4-937A-9B1DD03C50BF}.Release|x86.Build.0 = Release|Any CPU
		{269CB0DC-109F-4F72-9814-29D6B621E1A5}.Debug|Any CPU.ActiveCfg = Debug|Any CPU
		{269CB0DC-109F-4F72-9814-29D6B621E1A5}.Debug|Any CPU.Build.0 = Debug|Any CPU
		{269CB0DC-109F-4F72-9814-29D6B621E1A5}.Debug|ARM.ActiveCfg = Debug|Any CPU
		{269CB0DC-109F-4F72-9814-29D6B621E1A5}.Debug|ARM.Build.0 = Debug|Any CPU
		{269CB0DC-109F-4F72-9814-29D6B621E1A5}.Debug|x64.ActiveCfg = Debug|Any CPU
		{269CB0DC-109F-4F72-9814-29D6B621E1A5}.Debug|x64.Build.0 = Debug|Any CPU
		{269CB0DC-109F-4F72-9814-29D6B621E1A5}.Debug|x86.ActiveCfg = Debug|Any CPU
		{269CB0DC-109F-4F72-9814-29D6B621E1A5}.Debug|x86.Build.0 = Debug|Any CPU
		{269CB0DC-109F-4F72-9814-29D6B621E1A5}.Release|Any CPU.ActiveCfg = Release|Any CPU
		{269CB0DC-109F-4F72-9814-29D6B621E1A5}.Release|Any CPU.Build.0 = Release|Any CPU
		{269CB0DC-109F-4F72-9814-29D6B621E1A5}.Release|ARM.ActiveCfg = Release|Any CPU
		{269CB0DC-109F-4F72-9814-29D6B621E1A5}.Release|ARM.Build.0 = Release|Any CPU
		{269CB0DC-109F-4F72-9814-29D6B621E1A5}.Release|x64.ActiveCfg = Release|Any CPU
		{269CB0DC-109F-4F72-9814-29D6B621E1A5}.Release|x64.Build.0 = Release|Any CPU
		{269CB0DC-109F-4F72-9814-29D6B621E1A5}.Release|x86.ActiveCfg = Release|Any CPU
		{269CB0DC-109F-4F72-9814-29D6B621E1A5}.Release|x86.Build.0 = Release|Any CPU
		{07162208-79FA-432D-8CCF-1516B631FB2B}.Debug|Any CPU.ActiveCfg = Debug|Any CPU
		{07162208-79FA-432D-8CCF-1516B631FB2B}.Debug|Any CPU.Build.0 = Debug|Any CPU
		{07162208-79FA-432D-8CCF-1516B631FB2B}.Debug|ARM.ActiveCfg = Debug|Any CPU
		{07162208-79FA-432D-8CCF-1516B631FB2B}.Debug|ARM.Build.0 = Debug|Any CPU
		{07162208-79FA-432D-8CCF-1516B631FB2B}.Debug|x64.ActiveCfg = Debug|Any CPU
		{07162208-79FA-432D-8CCF-1516B631FB2B}.Debug|x64.Build.0 = Debug|Any CPU
		{07162208-79FA-432D-8CCF-1516B631FB2B}.Debug|x86.ActiveCfg = Debug|Any CPU
		{07162208-79FA-432D-8CCF-1516B631FB2B}.Debug|x86.Build.0 = Debug|Any CPU
		{07162208-79FA-432D-8CCF-1516B631FB2B}.Release|Any CPU.ActiveCfg = Release|Any CPU
		{07162208-79FA-432D-8CCF-1516B631FB2B}.Release|Any CPU.Build.0 = Release|Any CPU
		{07162208-79FA-432D-8CCF-1516B631FB2B}.Release|ARM.ActiveCfg = Release|Any CPU
		{07162208-79FA-432D-8CCF-1516B631FB2B}.Release|ARM.Build.0 = Release|Any CPU
		{07162208-79FA-432D-8CCF-1516B631FB2B}.Release|x64.ActiveCfg = Release|Any CPU
		{07162208-79FA-432D-8CCF-1516B631FB2B}.Release|x64.Build.0 = Release|Any CPU
		{07162208-79FA-432D-8CCF-1516B631FB2B}.Release|x86.ActiveCfg = Release|Any CPU
		{07162208-79FA-432D-8CCF-1516B631FB2B}.Release|x86.Build.0 = Release|Any CPU
		{EA4EF097-245D-4CB3-BF54-41106582D3BD}.Debug|Any CPU.ActiveCfg = Debug|Any CPU
		{EA4EF097-245D-4CB3-BF54-41106582D3BD}.Debug|Any CPU.Build.0 = Debug|Any CPU
		{EA4EF097-245D-4CB3-BF54-41106582D3BD}.Debug|ARM.ActiveCfg = Debug|Any CPU
		{EA4EF097-245D-4CB3-BF54-41106582D3BD}.Debug|ARM.Build.0 = Debug|Any CPU
		{EA4EF097-245D-4CB3-BF54-41106582D3BD}.Debug|x64.ActiveCfg = Debug|Any CPU
		{EA4EF097-245D-4CB3-BF54-41106582D3BD}.Debug|x64.Build.0 = Debug|Any CPU
		{EA4EF097-245D-4CB3-BF54-41106582D3BD}.Debug|x86.ActiveCfg = Debug|Any CPU
		{EA4EF097-245D-4CB3-BF54-41106582D3BD}.Debug|x86.Build.0 = Debug|Any CPU
		{EA4EF097-245D-4CB3-BF54-41106582D3BD}.Release|Any CPU.ActiveCfg = Release|Any CPU
		{EA4EF097-245D-4CB3-BF54-41106582D3BD}.Release|Any CPU.Build.0 = Release|Any CPU
		{EA4EF097-245D-4CB3-BF54-41106582D3BD}.Release|ARM.ActiveCfg = Release|Any CPU
		{EA4EF097-245D-4CB3-BF54-41106582D3BD}.Release|ARM.Build.0 = Release|Any CPU
		{EA4EF097-245D-4CB3-BF54-41106582D3BD}.Release|x64.ActiveCfg = Release|Any CPU
		{EA4EF097-245D-4CB3-BF54-41106582D3BD}.Release|x64.Build.0 = Release|Any CPU
		{EA4EF097-245D-4CB3-BF54-41106582D3BD}.Release|x86.ActiveCfg = Release|Any CPU
		{EA4EF097-245D-4CB3-BF54-41106582D3BD}.Release|x86.Build.0 = Release|Any CPU
		{2FC01614-466A-4D1F-B061-7A51C84CE283}.Debug|Any CPU.ActiveCfg = Debug|Any CPU
		{2FC01614-466A-4D1F-B061-7A51C84CE283}.Debug|Any CPU.Build.0 = Debug|Any CPU
		{2FC01614-466A-4D1F-B061-7A51C84CE283}.Debug|ARM.ActiveCfg = Debug|Any CPU
		{2FC01614-466A-4D1F-B061-7A51C84CE283}.Debug|ARM.Build.0 = Debug|Any CPU
		{2FC01614-466A-4D1F-B061-7A51C84CE283}.Debug|x64.ActiveCfg = Debug|Any CPU
		{2FC01614-466A-4D1F-B061-7A51C84CE283}.Debug|x64.Build.0 = Debug|Any CPU
		{2FC01614-466A-4D1F-B061-7A51C84CE283}.Debug|x86.ActiveCfg = Debug|Any CPU
		{2FC01614-466A-4D1F-B061-7A51C84CE283}.Debug|x86.Build.0 = Debug|Any CPU
		{2FC01614-466A-4D1F-B061-7A51C84CE283}.Release|Any CPU.ActiveCfg = Release|Any CPU
		{2FC01614-466A-4D1F-B061-7A51C84CE283}.Release|Any CPU.Build.0 = Release|Any CPU
		{2FC01614-466A-4D1F-B061-7A51C84CE283}.Release|ARM.ActiveCfg = Release|Any CPU
		{2FC01614-466A-4D1F-B061-7A51C84CE283}.Release|ARM.Build.0 = Release|Any CPU
		{2FC01614-466A-4D1F-B061-7A51C84CE283}.Release|x64.ActiveCfg = Release|Any CPU
		{2FC01614-466A-4D1F-B061-7A51C84CE283}.Release|x64.Build.0 = Release|Any CPU
		{2FC01614-466A-4D1F-B061-7A51C84CE283}.Release|x86.ActiveCfg = Release|Any CPU
		{2FC01614-466A-4D1F-B061-7A51C84CE283}.Release|x86.Build.0 = Release|Any CPU
		{4B9C2B92-3F70-4AB9-A0CF-55DD647F2807}.Debug|Any CPU.ActiveCfg = Debug|Any CPU
		{4B9C2B92-3F70-4AB9-A0CF-55DD647F2807}.Debug|Any CPU.Build.0 = Debug|Any CPU
		{4B9C2B92-3F70-4AB9-A0CF-55DD647F2807}.Debug|ARM.ActiveCfg = Debug|Any CPU
		{4B9C2B92-3F70-4AB9-A0CF-55DD647F2807}.Debug|ARM.Build.0 = Debug|Any CPU
		{4B9C2B92-3F70-4AB9-A0CF-55DD647F2807}.Debug|x64.ActiveCfg = Debug|Any CPU
		{4B9C2B92-3F70-4AB9-A0CF-55DD647F2807}.Debug|x64.Build.0 = Debug|Any CPU
		{4B9C2B92-3F70-4AB9-A0CF-55DD647F2807}.Debug|x86.ActiveCfg = Debug|Any CPU
		{4B9C2B92-3F70-4AB9-A0CF-55DD647F2807}.Debug|x86.Build.0 = Debug|Any CPU
		{4B9C2B92-3F70-4AB9-A0CF-55DD647F2807}.Release|Any CPU.ActiveCfg = Release|Any CPU
		{4B9C2B92-3F70-4AB9-A0CF-55DD647F2807}.Release|Any CPU.Build.0 = Release|Any CPU
		{4B9C2B92-3F70-4AB9-A0CF-55DD647F2807}.Release|ARM.ActiveCfg = Release|Any CPU
		{4B9C2B92-3F70-4AB9-A0CF-55DD647F2807}.Release|ARM.Build.0 = Release|Any CPU
		{4B9C2B92-3F70-4AB9-A0CF-55DD647F2807}.Release|x64.ActiveCfg = Release|Any CPU
		{4B9C2B92-3F70-4AB9-A0CF-55DD647F2807}.Release|x64.Build.0 = Release|Any CPU
		{4B9C2B92-3F70-4AB9-A0CF-55DD647F2807}.Release|x86.ActiveCfg = Release|Any CPU
		{4B9C2B92-3F70-4AB9-A0CF-55DD647F2807}.Release|x86.Build.0 = Release|Any CPU
	EndGlobalSection
	GlobalSection(SolutionProperties) = preSolution
		HideSolutionNode = FALSE
	EndGlobalSection
	GlobalSection(NestedProjects) = preSolution
		{59A69ACE-7B5B-473B-9DFE-05EC435E7740} = {E7B924B9-8E3D-48F7-A004-D01E93E3D94D}
		{47730682-C041-4F3E-9BAC-0B0F46180B5D} = {79C7A275-98BF-494B-906A-00DBD49751AE}
		{ABC42A23-E2D5-464A-AEC7-6B92DEE28BEA} = {79C7A275-98BF-494B-906A-00DBD49751AE}
		{01280CD7-CF1C-48B4-937A-9B1DD03C50BF} = {79C7A275-98BF-494B-906A-00DBD49751AE}
		{269CB0DC-109F-4F72-9814-29D6B621E1A5} = {79C7A275-98BF-494B-906A-00DBD49751AE}
		{07162208-79FA-432D-8CCF-1516B631FB2B} = {2B505DFD-6AFA-4C7D-95D2-C3C94F511838}
		{EA4EF097-245D-4CB3-BF54-41106582D3BD} = {680583EC-962E-4054-BEFA-166734C2684E}
		{2FC01614-466A-4D1F-B061-7A51C84CE283} = {24AAE1F2-33F9-4423-B1CD-5A9E7AF8A176}
		{4B9C2B92-3F70-4AB9-A0CF-55DD647F2807} = {24AAE1F2-33F9-4423-B1CD-5A9E7AF8A176}
	EndGlobalSection
EndGlobal
